
Microsoft Visual Studio Solution File, Format Version 12.00
# Visual Studio Version 17
VisualStudioVersion = 17.3.32825.248
MinimumVisualStudioVersion = 10.0.40219.1
Project("{FAE04EC0-301F-11D3-BF4B-00C04F79EFBC}") = "HW4", "HW4.csproj", "{01EBA741-A950-47FA-9CF3-324B258FD365}"
EndProject
Global
	GlobalSection(SolutionConfigurationPlatforms) = preSolution
		Debug|Any CPU = Debug|Any CPU
		Release|Any CPU = Release|Any CPU
	EndGlobalSection
	GlobalSection(ProjectConfigurationPlatforms) = postSolution
		{01EBA741-A950-47FA-9CF3-324B258FD365}.Debug|Any CPU.ActiveCfg = Debug|Any CPU
		{01EBA741-A950-47FA-9CF3-324B258FD365}.Debug|Any CPU.Build.0 = Debug|Any CPU
		{01EBA741-A950-47FA-9CF3-324B258FD365}.Release|Any CPU.ActiveCfg = Release|Any CPU
		{01EBA741-A950-47FA-9CF3-324B258FD365}.Release|Any CPU.Build.0 = Release|Any CPU
	EndGlobalSection
	GlobalSection(SolutionProperties) = preSolution
		HideSolutionNode = FALSE
	EndGlobalSection
	GlobalSection(ExtensibilityGlobals) = postSolution
		SolutionGuid = {BD0B77A4-DD96-4045-90E7-29A17685F476}
	EndGlobalSection
EndGlobal
